
Microsoft Visual Studio Solution File, Format Version 12.00
# Visual Studio Version 17
VisualStudioVersion = 17.14.37628.2
MinimumVisualStudioVersion = 10.0.40219.1
Project("{8BC9CEB8-8B4A-11D0-8D11-00A0C91BC942}") = "rqScan", "rqScan.vcxproj", "{F93E1136-22A1-45F5-90CD-34DA6B59F277}"
EndProject
Project("{54435603-DBB4-11D2-8724-00A0C9A8B90C}") = "qrScaninstaller_Release", "..\qrScaninstaller\qrScaninstaller.vdproj", "{D124A48A-66C4-AD1E-B665-3F5A705C3AF5}"
EndProject
Project("{54435603-DBB4-11D2-8724-00A0C9A8B90C}") = "qrScaninstaller_Debug", "..\qrScaninstaller_Debug\qrScaninstaller_Debug.vdproj", "{689E3CA7-048C-FD6E-45BF-821ED9A5F28C}"
EndProject
Global
	GlobalSection(SolutionConfigurationPlatforms) = preSolution
		Debug|x64 = Debug|x64
		Debug|x86 = Debug|x86
		Release|x64 = Release|x64
		Release|x86 = Release|x86
	EndGlobalSection
	GlobalSection(ProjectConfigurationPlatforms) = postSolution
		{F93E1136-22A1-45F5-90CD-34DA6B59F277}.Debug|x64.ActiveCfg = Debug|x64
		{F93E1136-22A1-45F5-90CD-34DA6B59F277}.Debug|x64.Build.0 = Debug|x64
		{F93E1136-22A1-45F5-90CD-34DA6B59F277}.Debug|x86.ActiveCfg = Debug|Win32
		{F93E1136-22A1-45F5-90CD-34DA6B59F277}.Debug|x86.Build.0 = Debug|Win32
		{F93E1136-22A1-45F5-90CD-34DA6B59F277}.Release|x64.ActiveCfg = Release|x64
		{F93E1136-22A1-45F5-90CD-34DA6B59F277}.Release|x64.Build.0 = Release|x64
		{F93E1136-22A1-45F5-90CD-34DA6B59F277}.Release|x86.ActiveCfg = Release|Win32
		{F93E1136-22A1-45F5-90CD-34DA6B59F277}.Release|x86.Build.0 = Release|Win32
		{D124A48A-66C4-AD1E-B665-3F5A705C3AF5}.Debug|x64.ActiveCfg = Debug
		{D124A48A-66C4-AD1E-B665-3F5A705C3AF5}.Debug|x86.ActiveCfg = Debug
		{D124A48A-66C4-AD1E-B665-3F5A705C3AF5}.Release|x64.ActiveCfg = Release
		{D124A48A-66C4-AD1E-B665-3F5A705C3AF5}.Release|x86.ActiveCfg = Release
		{D124A48A-66C4-AD1E-B665-3F5A705C3AF5}.Release|x86.Build.0 = Release
		{689E3CA7-048C-FD6E-45BF-821ED9A5F28C}.Debug|x64.ActiveCfg = Debug
		{689E3CA7-048C-FD6E-45BF-821ED9A5F28C}.Debug|x86.ActiveCfg = Debug
		{689E3CA7-048C-FD6E-45BF-821ED9A5F28C}.Debug|x86.Build.0 = Debug
		{689E3CA7-048C-FD6E-45BF-821ED9A5F28C}.Release|x64.ActiveCfg = Release
		{689E3CA7-048C-FD6E-45BF-821ED9A5F28C}.Release|x86.ActiveCfg = Release
	EndGlobalSection
	GlobalSection(SolutionProperties) = preSolution
		HideSolutionNode = FALSE
	EndGlobalSection
	GlobalSection(ExtensibilityGlobals) = postSolution
		SolutionGuid = {1DEEE159-8C10-4372-85A9-C3876BEA7F28}
	EndGlobalSection
EndGlobal
